
Microsoft Visual Studio Solution File, Format Version 12.00
# Visual Studio Version 17
VisualStudioVersion = 17.7.34031.279
MinimumVisualStudioVersion = 10.0.40219.1
Project("{FAE04EC0-301F-11D3-BF4B-00C04F79EFBC}") = "TGG", "TGG\TGG\TGG.csproj", "{2441C8C1-C56B-4E31-A96E-F57C6484707A}"
EndProject
Project("{FAE04EC0-301F-11D3-BF4B-00C04F79EFBC}") = "CakeBuild", "TGG\ZZCakeBuild\CakeBuild.csproj", "{7707AF33-94B8-4E1C-903D-4B9F9CC893DB}"
EndProject
Global
	GlobalSection(SolutionConfigurationPlatforms) = preSolution
		Debug|Any CPU = Debug|Any CPU
		Release|Any CPU = Release|Any CPU
	EndGlobalSection
	GlobalSection(ProjectConfigurationPlatforms) = postSolution
		{2441C8C1-C56B-4E31-A96E-F57C6484707A}.Debug|Any CPU.ActiveCfg = Debug|Any CPU
		{2441C8C1-C56B-4E31-A96E-F57C6484707A}.Debug|Any CPU.Build.0 = Debug|Any CPU
		{2441C8C1-C56B-4E31-A96E-F57C6484707A}.Release|Any CPU.ActiveCfg = Release|Any CPU
		{2441C8C1-C56B-4E31-A96E-F57C6484707A}.Release|Any CPU.Build.0 = Release|Any CPU
		{7707AF33-94B8-4E1C-903D-4B9F9CC893DB}.Debug|Any CPU.ActiveCfg = Debug|Any CPU
		{7707AF33-94B8-4E1C-903D-4B9F9CC893DB}.Debug|Any CPU.Build.0 = Debug|Any CPU
		{7707AF33-94B8-4E1C-903D-4B9F9CC893DB}.Release|Any CPU.ActiveCfg = Release|Any CPU
		{7707AF33-94B8-4E1C-903D-4B9F9CC893DB}.Release|Any CPU.Build.0 = Release|Any CPU
	EndGlobalSection
	GlobalSection(SolutionProperties) = preSolution
		HideSolutionNode = FALSE
	EndGlobalSection
	GlobalSection(ExtensibilityGlobals) = postSolution
		SolutionGuid = {55F7807F-7891-4510-9DD1-9BE6429BCF8F}
	EndGlobalSection
EndGlobal
